
Microsoft Visual Studio Solution File, Format Version 12.00
# Visual Studio Version 17
VisualStudioVersion = 17.9.34902.65
MinimumVisualStudioVersion = 10.0.40219.1
Project("{2150E333-8FDC-42A3-9474-1A3956D46DE8}") = "src", "src", "{3B33797A-9D28-4CAD-80BE-2DE9102B472A}"
EndProject
Project("{2150E333-8FDC-42A3-9474-1A3956D46DE8}") = "Api", "Api", "{CBBD4124-1ECF-45F7-AEE3-BCBE5A51C0CE}"
EndProject
Project("{2150E333-8FDC-42A3-9474-1A3956D46DE8}") = "Clients", "Clients", "{D12AB7B3-3275-4D0E-A8C9-E99958533248}"
EndProject
Project("{2150E333-8FDC-42A3-9474-1A3956D46DE8}") = "Common", "Common", "{E60CC00B-17F8-4089-AC23-EAEEA8C80958}"
EndProject
Project("{2150E333-8FDC-42A3-9474-1A3956D46DE8}") = "Projections", "Projections", "{E4852173-9014-4FB2-B0D8-C3742CC59D7B}"
EndProject
Project("{2150E333-8FDC-42A3-9474-1A3956D46DE8}") = "Core", "Core", "{D4682D15-30AE-431B-BCC2-E17889297F3E}"
EndProject
Project("{2150E333-8FDC-42A3-9474-1A3956D46DE8}") = "Infrastructure", "Infrastructure", "{F65ACEDA-9BEF-43C6-B53C-72268D137F8E}"
EndProject
Project("{2150E333-8FDC-42A3-9474-1A3956D46DE8}") = "BlazorWeb", "BlazorWeb", "{B2B08737-1F59-42BF-B5CB-A433398C67E5}"
EndProject
Project("{9A19103F-16F7-4668-BE54-9A1E7A4F7556}") = "BlazorSozluk.Common", "src\Common\BlazorSozluk.Common\BlazorSozluk.Common.csproj", "{C8F841CD-6B73-4C27-9AA1-FF7F6D60B00F}"
EndProject
Project("{2150E333-8FDC-42A3-9474-1A3956D46DE8}") = "WebApi", "WebApi", "{085E69CC-3E72-4A99-990F-0A83FB4DC144}"
EndProject
Project("{9A19103F-16F7-4668-BE54-9A1E7A4F7556}") = "BlazorSozluk.Api.Domain", "src\Api\Core\BlazorSozluk.Api.Domain\BlazorSozluk.Api.Domain.csproj", "{0C0EB709-5B64-4786-A34E-737BB7B9B1B3}"
EndProject
Project("{9A19103F-16F7-4668-BE54-9A1E7A4F7556}") = "BlazorSozluk.Api.Application", "src\Api\Core\BlazorSozluk.Api.Application\BlazorSozluk.Api.Application.csproj", "{65BB2C66-5D11-4429-9B44-02787615D765}"
EndProject
Project("{9A19103F-16F7-4668-BE54-9A1E7A4F7556}") = "BlazorSozluk.Api.WebApi", "src\Api\WebApi\BlazorSozluk.Api.WebApi\BlazorSozluk.Api.WebApi.csproj", "{194E33C6-325C-424A-A5F5-0A4D66CCFCCD}"
EndProject
Project("{9A19103F-16F7-4668-BE54-9A1E7A4F7556}") = "BlazorSozluk.Projections.FavoriteService", "src\Projections\BlazorSozluk.Projections.FavoriteService\BlazorSozluk.Projections.FavoriteService.csproj", "{0DCB1E85-3068-4F65-88E1-E3C9D31C1D65}"
EndProject
Project("{9A19103F-16F7-4668-BE54-9A1E7A4F7556}") = "BlazorSozluk.Projections.User", "src\Projections\BlazorSozluk.Projections.User\BlazorSozluk.Projections.User.csproj", "{FB5A5F28-EFB1-418A-BA93-D95BB74143F1}"
EndProject
Project("{9A19103F-16F7-4668-BE54-9A1E7A4F7556}") = "BlazorSozluk.Projections.VoteService", "src\Projections\BlazorSozluk.Projections.VoteService\BlazorSozluk.Projections.VoteService.csproj", "{43A6EFF4-9A3D-4E55-A1A7-6937586EB3ED}"
EndProject
Project("{9A19103F-16F7-4668-BE54-9A1E7A4F7556}") = "BlazorSozluk.WebApp", "src\Clients\BlazorWeb\BlazorSozluk.WebApp\BlazorSozluk.WebApp.csproj", "{A9E3D34E-3AA8-44A7-AA32-B9A69D0FC257}"
EndProject
Project("{FAE04EC0-301F-11D3-BF4B-00C04F79EFBC}") = "BlazorSozluk.Api.Infrastructure.Persistence", "src\Api\Infrastructure\BlazorSozluk.Api.Infrastructure.Persistence\BlazorSozluk.Api.Infrastructure.Persistence.csproj", "{76500CAB-0585-4AEB-83D9-2F3791DBB806}"
EndProject
Global
	GlobalSection(SolutionConfigurationPlatforms) = preSolution
		Debug|Any CPU = Debug|Any CPU
		Release|Any CPU = Release|Any CPU
	EndGlobalSection
	GlobalSection(ProjectConfigurationPlatforms) = postSolution
		{C8F841CD-6B73-4C27-9AA1-FF7F6D60B00F}.Debug|Any CPU.ActiveCfg = Debug|Any CPU
		{C8F841CD-6B73-4C27-9AA1-FF7F6D60B00F}.Debug|Any CPU.Build.0 = Debug|Any CPU
		{C8F841CD-6B73-4C27-9AA1-FF7F6D60B00F}.Release|Any CPU.ActiveCfg = Release|Any CPU
		{C8F841CD-6B73-4C27-9AA1-FF7F6D60B00F}.Release|Any CPU.Build.0 = Release|Any CPU
		{0C0EB709-5B64-4786-A34E-737BB7B9B1B3}.Debug|Any CPU.ActiveCfg = Debug|Any CPU
		{0C0EB709-5B64-4786-A34E-737BB7B9B1B3}.Debug|Any CPU.Build.0 = Debug|Any CPU
		{0C0EB709-5B64-4786-A34E-737BB7B9B1B3}.Release|Any CPU.ActiveCfg = Release|Any CPU
		{0C0EB709-5B64-4786-A34E-737BB7B9B1B3}.Release|Any CPU.Build.0 = Release|Any CPU
		{65BB2C66-5D11-4429-9B44-02787615D765}.Debug|Any CPU.ActiveCfg = Debug|Any CPU
		{65BB2C66-5D11-4429-9B44-02787615D765}.Debug|Any CPU.Build.0 = Debug|Any CPU
		{65BB2C66-5D11-4429-9B44-02787615D765}.Release|Any CPU.ActiveCfg = Release|Any CPU
		{65BB2C66-5D11-4429-9B44-02787615D765}.Release|Any CPU.Build.0 = Release|Any CPU
		{194E33C6-325C-424A-A5F5-0A4D66CCFCCD}.Debug|Any CPU.ActiveCfg = Debug|Any CPU
		{194E33C6-325C-424A-A5F5-0A4D66CCFCCD}.Debug|Any CPU.Build.0 = Debug|Any CPU
		{194E33C6-325C-424A-A5F5-0A4D66CCFCCD}.Release|Any CPU.ActiveCfg = Release|Any CPU
		{194E33C6-325C-424A-A5F5-0A4D66CCFCCD}.Release|Any CPU.Build.0 = Release|Any CPU
		{0DCB1E85-3068-4F65-88E1-E3C9D31C1D65}.Debug|Any CPU.ActiveCfg = Debug|Any CPU
		{0DCB1E85-3068-4F65-88E1-E3C9D31C1D65}.Debug|Any CPU.Build.0 = Debug|Any CPU
		{0DCB1E85-3068-4F65-88E1-E3C9D31C1D65}.Release|Any CPU.ActiveCfg = Release|Any CPU
		{0DCB1E85-3068-4F65-88E1-E3C9D31C1D65}.Release|Any CPU.Build.0 = Release|Any CPU
		{FB5A5F28-EFB1-418A-BA93-D95BB74143F1}.Debug|Any CPU.ActiveCfg = Debug|Any CPU
		{FB5A5F28-EFB1-418A-BA93-D95BB74143F1}.Debug|Any CPU.Build.0 = Debug|Any CPU
		{FB5A5F28-EFB1-418A-BA93-D95BB74143F1}.Release|Any CPU.ActiveCfg = Release|Any CPU
		{FB5A5F28-EFB1-418A-BA93-D95BB74143F1}.Release|Any CPU.Build.0 = Release|Any CPU
		{43A6EFF4-9A3D-4E55-A1A7-6937586EB3ED}.Debug|Any CPU.ActiveCfg = Debug|Any CPU
		{43A6EFF4-9A3D-4E55-A1A7-6937586EB3ED}.Debug|Any CPU.Build.0 = Debug|Any CPU
		{43A6EFF4-9A3D-4E55-A1A7-6937586EB3ED}.Release|Any CPU.ActiveCfg = Release|Any CPU
		{43A6EFF4-9A3D-4E55-A1A7-6937586EB3ED}.Release|Any CPU.Build.0 = Release|Any CPU
		{A9E3D34E-3AA8-44A7-AA32-B9A69D0FC257}.Debug|Any CPU.ActiveCfg = Debug|Any CPU
		{A9E3D34E-3AA8-44A7-AA32-B9A69D0FC257}.Debug|Any CPU.Build.0 = Debug|Any CPU
		{A9E3D34E-3AA8-44A7-AA32-B9A69D0FC257}.Release|Any CPU.ActiveCfg = Release|Any CPU
		{A9E3D34E-3AA8-44A7-AA32-B9A69D0FC257}.Release|Any CPU.Build.0 = Release|Any CPU
		{76500CAB-0585-4AEB-83D9-2F3791DBB806}.Debug|Any CPU.ActiveCfg = Debug|Any CPU
		{76500CAB-0585-4AEB-83D9-2F3791DBB806}.Debug|Any CPU.Build.0 = Debug|Any CPU
		{76500CAB-0585-4AEB-83D9-2F3791DBB806}.Release|Any CPU.ActiveCfg = Release|Any CPU
		{76500CAB-0585-4AEB-83D9-2F3791DBB806}.Release|Any CPU.Build.0 = Release|Any CPU
	EndGlobalSection
	GlobalSection(SolutionProperties) = preSolution
		HideSolutionNode = FALSE
	EndGlobalSection
	GlobalSection(NestedProjects) = preSolution
		{CBBD4124-1ECF-45F7-AEE3-BCBE5A51C0CE} = {3B33797A-9D28-4CAD-80BE-2DE9102B472A}
		{D12AB7B3-3275-4D0E-A8C9-E99958533248} = {3B33797A-9D28-4CAD-80BE-2DE9102B472A}
		{E60CC00B-17F8-4089-AC23-EAEEA8C80958} = {3B33797A-9D28-4CAD-80BE-2DE9102B472A}
		{E4852173-9014-4FB2-B0D8-C3742CC59D7B} = {3B33797A-9D28-4CAD-80BE-2DE9102B472A}
		{D4682D15-30AE-431B-BCC2-E17889297F3E} = {CBBD4124-1ECF-45F7-AEE3-BCBE5A51C0CE}
		{F65ACEDA-9BEF-43C6-B53C-72268D137F8E} = {CBBD4124-1ECF-45F7-AEE3-BCBE5A51C0CE}
		{B2B08737-1F59-42BF-B5CB-A433398C67E5} = {D12AB7B3-3275-4D0E-A8C9-E99958533248}
		{C8F841CD-6B73-4C27-9AA1-FF7F6D60B00F} = {E60CC00B-17F8-4089-AC23-EAEEA8C80958}
		{085E69CC-3E72-4A99-990F-0A83FB4DC144} = {CBBD4124-1ECF-45F7-AEE3-BCBE5A51C0CE}
		{0C0EB709-5B64-4786-A34E-737BB7B9B1B3} = {D4682D15-30AE-431B-BCC2-E17889297F3E}
		{65BB2C66-5D11-4429-9B44-02787615D765} = {D4682D15-30AE-431B-BCC2-E17889297F3E}
		{194E33C6-325C-424A-A5F5-0A4D66CCFCCD} = {085E69CC-3E72-4A99-990F-0A83FB4DC144}
		{0DCB1E85-3068-4F65-88E1-E3C9D31C1D65} = {E4852173-9014-4FB2-B0D8-C3742CC59D7B}
		{FB5A5F28-EFB1-418A-BA93-D95BB74143F1} = {E4852173-9014-4FB2-B0D8-C3742CC59D7B}
		{43A6EFF4-9A3D-4E55-A1A7-6937586EB3ED} = {E4852173-9014-4FB2-B0D8-C3742CC59D7B}
		{A9E3D34E-3AA8-44A7-AA32-B9A69D0FC257} = {B2B08737-1F59-42BF-B5CB-A433398C67E5}
		{76500CAB-0585-4AEB-83D9-2F3791DBB806} = {F65ACEDA-9BEF-43C6-B53C-72268D137F8E}
	EndGlobalSection
	GlobalSection(ExtensibilityGlobals) = postSolution
		SolutionGuid = {ED1CC5F1-BBEA-4515-90B9-46FB9A984033}
	EndGlobalSection
EndGlobal
